
Microsoft Visual Studio Solution File, Format Version 12.00
# Visual Studio Version 17
VisualStudioVersion = 17.5.33424.131
MinimumVisualStudioVersion = 10.0.40219.1
Project("{8BC9CEB8-8B4A-11D0-8D11-00A0C91BC942}") = "ExampleApp01", "ExampleApp01\ExampleApp01.vcxproj", "{94EB069E-E921-4A87-9FEE-8FAB7586D045}"
	ProjectSection(ProjectDependencies) = postProject
		{2F55FE9D-93F5-4747-AD24-520D5C764228} = {2F55FE9D-93F5-4747-AD24-520D5C764228}
	EndProjectSection
EndProject
Project("{8BC9CEB8-8B4A-11D0-8D11-00A0C91BC942}") = "ProfilerLib", "ProfilerLib\ProfilerLib.vcxproj", "{2F55FE9D-93F5-4747-AD24-520D5C764228}"
EndProject
Global
	GlobalSection(SolutionConfigurationPlatforms) = preSolution
		Debug|x64 = Debug|x64
		Release|x64 = Release|x64
	EndGlobalSection
	GlobalSection(ProjectConfigurationPlatforms) = postSolution
		{94EB069E-E921-4A87-9FEE-8FAB7586D045}.Debug|x64.ActiveCfg = Debug|x64
		{94EB069E-E921-4A87-9FEE-8FAB7586D045}.Debug|x64.Build.0 = Debug|x64
		{94EB069E-E921-4A87-9FEE-8FAB7586D045}.Release|x64.ActiveCfg = Release|x64
		{94EB069E-E921-4A87-9FEE-8FAB7586D045}.Release|x64.Build.0 = Release|x64
		{2F55FE9D-93F5-4747-AD24-520D5C764228}.Debug|x64.ActiveCfg = Debug|x64
		{2F55FE9D-93F5-4747-AD24-520D5C764228}.Debug|x64.Build.0 = Debug|x64
		{2F55FE9D-93F5-4747-AD24-520D5C764228}.Release|x64.ActiveCfg = Release|x64
		{2F55FE9D-93F5-4747-AD24-520D5C764228}.Release|x64.Build.0 = Release|x64
	EndGlobalSection
	GlobalSection(SolutionProperties) = preSolution
		HideSolutionNode = FALSE
	EndGlobalSection
	GlobalSection(ExtensibilityGlobals) = postSolution
		SolutionGuid = {CC7426A6-8D65-4F51-B887-55E6E649317C}
	EndGlobalSection
EndGlobal
